
Microsoft Visual Studio Solution File, Format Version 12.00
# Visual Studio Version 16
VisualStudioVersion = 16.0.29001.49
MinimumVisualStudioVersion = 10.0.40219.1
Project("{FAE04EC0-301F-11D3-BF4B-00C04F79EFBC}") = "Linked List", "Linked List\Linked List.csproj", "{2566FBE8-EC4C-490D-B216-AD919F391BAF}"
EndProject
Global
	GlobalSection(SolutionConfigurationPlatforms) = preSolution
		Debug|Any CPU = Debug|Any CPU
		Release|Any CPU = Release|Any CPU
	EndGlobalSection
	GlobalSection(ProjectConfigurationPlatforms) = postSolution
		{2566FBE8-EC4C-490D-B216-AD919F391BAF}.Debug|Any CPU.ActiveCfg = Debug|Any CPU
		{2566FBE8-EC4C-490D-B216-AD919F391BAF}.Debug|Any CPU.Build.0 = Debug|Any CPU
		{2566FBE8-EC4C-490D-B216-AD919F391BAF}.Release|Any CPU.ActiveCfg = Release|Any CPU
		{2566FBE8-EC4C-490D-B216-AD919F391BAF}.Release|Any CPU.Build.0 = Release|Any CPU
	EndGlobalSection
	GlobalSection(SolutionProperties) = preSolution
		HideSolutionNode = FALSE
	EndGlobalSection
	GlobalSection(ExtensibilityGlobals) = postSolution
		SolutionGuid = {1B0E17F4-F76B-4D31-ADBF-61DEC3F505E1}
	EndGlobalSection
EndGlobal
